// !$*UTF8*$!
{
	archiveVersion = 1;
	classes = {
	};
	objectVersion = 46;
	objects = {

/* Begin PBXBuildFile section */
		045C4E5518BCFFAC0067B5A7 /* Foundation.framework in Frameworks */ = {isa = PBXBuildFile; fileRef = 045C4E5418BCFFAC0067B5A7 /* Foundation.framework */; };
		045C4E5718BCFFAC0067B5A7 /* CoreGraphics.framework in Frameworks */ = {isa = PBXBuildFile; fileRef = 045C4E5618BCFFAC0067B5A7 /* CoreGraphics.framework */; };
		045C4E5918BCFFAC0067B5A7 /* UIKit.framework in Frameworks */ = {isa = PBXBuildFile; fileRef = 045C4E5818BCFFAC0067B5A7 /* UIKit.framework */; };
		045C4E5F18BCFFAC0067B5A7 /* InfoPlist.strings in Resources */ = {isa = PBXBuildFile; fileRef = 045C4E5D18BCFFAC0067B5A7 /* InfoPlist.strings */; };
		045C4E6118BCFFAC0067B5A7 /* main.m in Sources */ = {isa = PBXBuildFile; fileRef = 045C4E6018BCFFAC0067B5A7 /* main.m */; };
		045C4E6518BCFFAC0067B5A7 /* AppDelegate.m in Sources */ = {isa = PBXBuildFile; fileRef = 045C4E6418BCFFAC0067B5A7 /* AppDelegate.m */; };
		045C4E6718BCFFAC0067B5A7 /* Images.xcassets in Resources */ = {isa = PBXBuildFile; fileRef = 045C4E6618BCFFAC0067B5A7 /* Images.xcassets */; };
		045C4E6E18BCFFAC0067B5A7 /* XCTest.framework in Frameworks */ = {isa = PBXBuildFile; fileRef = 045C4E6D18BCFFAC0067B5A7 /* XCTest.framework */; };
		045C4E6F18BCFFAC0067B5A7 /* Foundation.framework in Frameworks */ = {isa = PBXBuildFile; fileRef = 045C4E5418BCFFAC0067B5A7 /* Foundation.framework */; };
		045C4E7018BCFFAC0067B5A7 /* UIKit.framework in Frameworks */ = {isa = PBXBuildFile; fileRef = 045C4E5818BCFFAC0067B5A7 /* UIKit.framework */; };
		045C4E7818BCFFAC0067B5A7 /* InfoPlist.strings in Resources */ = {isa = PBXBuildFile; fileRef = 045C4E7618BCFFAC0067B5A7 /* InfoPlist.strings */; };
		045C4E7A18BCFFAC0067B5A7 /* BeaconScannerTests.m in Sources */ = {isa = PBXBuildFile; fileRef = 045C4E7918BCFFAC0067B5A7 /* BeaconScannerTests.m */; };
		045C4E8918BD01BF0067B5A7 /* MainViewController.m in Sources */ = {isa = PBXBuildFile; fileRef = 045C4E8718BD01BF0067B5A7 /* MainViewController.m */; };
		045C4E8A18BD01BF0067B5A7 /* MainViewController.xib in Resources */ = {isa = PBXBuildFile; fileRef = 045C4E8818BD01BF0067B5A7 /* MainViewController.xib */; };
		045C4E8D18BD049C0067B5A7 /* BeaconAlert.m in Sources */ = {isa = PBXBuildFile; fileRef = 045C4E8C18BD049C0067B5A7 /* BeaconAlert.m */; };
		045C4E9118BDE4600067B5A7 /* BeaconTableView.m in Sources */ = {isa = PBXBuildFile; fileRef = 045C4E9018BDE4600067B5A7 /* BeaconTableView.m */; };
		048D033F18C0923D0023C7D5 /* Estimote_Beacon.png in Resources */ = {isa = PBXBuildFile; fileRef = 048D033918C0923D0023C7D5 /* Estimote_Beacon.png */; };
		048D034018C0923D0023C7D5 /* Estimote_Beacon@2x.png in Resources */ = {isa = PBXBuildFile; fileRef = 048D033A18C0923D0023C7D5 /* Estimote_Beacon@2x.png */; };
		048D034118C0923D0023C7D5 /* Generic_Beacon.png in Resources */ = {isa = PBXBuildFile; fileRef = 048D033B18C0923D0023C7D5 /* Generic_Beacon.png */; };
		048D034218C0923D0023C7D5 /* Generic_Beacon@2x.png in Resources */ = {isa = PBXBuildFile; fileRef = 048D033C18C0923D0023C7D5 /* Generic_Beacon@2x.png */; };
		048D034318C0923D0023C7D5 /* Gimbal_Beacon.png in Resources */ = {isa = PBXBuildFile; fileRef = 048D033D18C0923D0023C7D5 /* Gimbal_Beacon.png */; };
		048D034418C0923D0023C7D5 /* Gimbal_Beacon@2x.png in Resources */ = {isa = PBXBuildFile; fileRef = 048D033E18C0923D0023C7D5 /* Gimbal_Beacon@2x.png */; };
		048D034718C0929A0023C7D5 /* BeaconCollectionView.m in Sources */ = {isa = PBXBuildFile; fileRef = 048D034618C0929A0023C7D5 /* BeaconCollectionView.m */; };
		048D035218C0957D0023C7D5 /* BeaconCollectionCell.m in Sources */ = {isa = PBXBuildFile; fileRef = 048D035118C0957D0023C7D5 /* BeaconCollectionCell.m */; };
		048D035418C095A70023C7D5 /* BeaconCollectionCell.xib in Resources */ = {isa = PBXBuildFile; fileRef = 048D035318C095A70023C7D5 /* BeaconCollectionCell.xib */; };
		04EB2FE618BE42CC007949E9 /* BeaconLocationManager.m in Sources */ = {isa = PBXBuildFile; fileRef = 04EB2FE518BE42CC007949E9 /* BeaconLocationManager.m */; };
		04EB2FE918BE4340007949E9 /* BeaconRegion.m in Sources */ = {isa = PBXBuildFile; fileRef = 04EB2FE818BE4340007949E9 /* BeaconRegion.m */; };
		B2409B6549544824A9D9653E /* libPods.a in Frameworks */ = {isa = PBXBuildFile; fileRef = 8181A8B09EF3480293871E44 /* libPods.a */; };
/* End PBXBuildFile section */

/* Begin PBXContainerItemProxy section */
		045C4E7118BCFFAC0067B5A7 /* PBXContainerItemProxy */ = {
			isa = PBXContainerItemProxy;
			containerPortal = 045C4E4918BCFFAC0067B5A7 /* Project object */;
			proxyType = 1;
			remoteGlobalIDString = 045C4E5018BCFFAC0067B5A7;
			remoteInfo = BeaconScanner;
		};
/* End PBXContainerItemProxy section */

/* Begin PBXFileReference section */
		044B08AC18BF935F003F101E /* BeaconLocationManagerDelegate.h */ = {isa = PBXFileReference; fileEncoding = 4; lastKnownFileType = sourcecode.c.h; path = BeaconLocationManagerDelegate.h; sourceTree = "<group>"; };
		044B08AD18BFAE1C003F101E /* BeaconTableViewDelegate.h */ = {isa = PBXFileReference; fileEncoding = 4; lastKnownFileType = sourcecode.c.h; name = BeaconTableViewDelegate.h; path = tables/BeaconTableViewDelegate.h; sourceTree = "<group>"; };
		045C4E5118BCFFAC0067B5A7 /* BeaconScanner.app */ = {isa = PBXFileReference; explicitFileType = wrapper.application; includeInIndex = 0; path = BeaconScanner.app; sourceTree = BUILT_PRODUCTS_DIR; };
		045C4E5418BCFFAC0067B5A7 /* Foundation.framework */ = {isa = PBXFileReference; lastKnownFileType = wrapper.framework; name = Foundation.framework; path = System/Library/Frameworks/Foundation.framework; sourceTree = SDKROOT; };
		045C4E5618BCFFAC0067B5A7 /* CoreGraphics.framework */ = {isa = PBXFileReference; lastKnownFileType = wrapper.framework; name = CoreGraphics.framework; path = System/Library/Frameworks/CoreGraphics.framework; sourceTree = SDKROOT; };
		045C4E5818BCFFAC0067B5A7 /* UIKit.framework */ = {isa = PBXFileReference; lastKnownFileType = wrapper.framework; name = UIKit.framework; path = System/Library/Frameworks/UIKit.framework; sourceTree = SDKROOT; };
		045C4E5C18BCFFAC0067B5A7 /* BeaconScanner-Info.plist */ = {isa = PBXFileReference; lastKnownFileType = text.plist.xml; path = "BeaconScanner-Info.plist"; sourceTree = "<group>"; };
		045C4E5E18BCFFAC0067B5A7 /* en */ = {isa = PBXFileReference; lastKnownFileType = text.plist.strings; name = en; path = en.lproj/InfoPlist.strings; sourceTree = "<group>"; };
		045C4E6018BCFFAC0067B5A7 /* main.m */ = {isa = PBXFileReference; lastKnownFileType = sourcecode.c.objc; path = main.m; sourceTree = "<group>"; };
		045C4E6218BCFFAC0067B5A7 /* BeaconScanner-Prefix.pch */ = {isa = PBXFileReference; lastKnownFileType = sourcecode.c.h; path = "BeaconScanner-Prefix.pch"; sourceTree = "<group>"; };
		045C4E6318BCFFAC0067B5A7 /* AppDelegate.h */ = {isa = PBXFileReference; lastKnownFileType = sourcecode.c.h; path = AppDelegate.h; sourceTree = "<group>"; };
		045C4E6418BCFFAC0067B5A7 /* AppDelegate.m */ = {isa = PBXFileReference; lastKnownFileType = sourcecode.c.objc; path = AppDelegate.m; sourceTree = "<group>"; };
		045C4E6618BCFFAC0067B5A7 /* Images.xcassets */ = {isa = PBXFileReference; lastKnownFileType = folder.assetcatalog; path = Images.xcassets; sourceTree = "<group>"; };
		045C4E6C18BCFFAC0067B5A7 /* BeaconScannerTests.xctest */ = {isa = PBXFileReference; explicitFileType = wrapper.cfbundle; includeInIndex = 0; path = BeaconScannerTests.xctest; sourceTree = BUILT_PRODUCTS_DIR; };
		045C4E6D18BCFFAC0067B5A7 /* XCTest.framework */ = {isa = PBXFileReference; lastKnownFileType = wrapper.framework; name = XCTest.framework; path = Library/Frameworks/XCTest.framework; sourceTree = DEVELOPER_DIR; };
		045C4E7518BCFFAC0067B5A7 /* BeaconScannerTests-Info.plist */ = {isa = PBXFileReference; lastKnownFileType = text.plist.xml; path = "BeaconScannerTests-Info.plist"; sourceTree = "<group>"; };
		045C4E7718BCFFAC0067B5A7 /* en */ = {isa = PBXFileReference; lastKnownFileType = text.plist.strings; name = en; path = en.lproj/InfoPlist.strings; sourceTree = "<group>"; };
		045C4E7918BCFFAC0067B5A7 /* BeaconScannerTests.m */ = {isa = PBXFileReference; lastKnownFileType = sourcecode.c.objc; path = BeaconScannerTests.m; sourceTree = "<group>"; };
		045C4E8618BD01BF0067B5A7 /* MainViewController.h */ = {isa = PBXFileReference; fileEncoding = 4; lastKnownFileType = sourcecode.c.h; path = MainViewController.h; sourceTree = "<group>"; };
		045C4E8718BD01BF0067B5A7 /* MainViewController.m */ = {isa = PBXFileReference; fileEncoding = 4; lastKnownFileType = sourcecode.c.objc; path = MainViewController.m; sourceTree = "<group>"; };
		045C4E8818BD01BF0067B5A7 /* MainViewController.xib */ = {isa = PBXFileReference; fileEncoding = 4; lastKnownFileType = file.xib; path = MainViewController.xib; sourceTree = "<group>"; };
		045C4E8B18BD049C0067B5A7 /* BeaconAlert.h */ = {isa = PBXFileReference; fileEncoding = 4; lastKnownFileType = sourcecode.c.h; name = BeaconAlert.h; path = alerts/BeaconAlert.h; sourceTree = "<group>"; };
		045C4E8C18BD049C0067B5A7 /* BeaconAlert.m */ = {isa = PBXFileReference; fileEncoding = 4; lastKnownFileType = sourcecode.c.objc; name = BeaconAlert.m; path = alerts/BeaconAlert.m; sourceTree = "<group>"; };
		045C4E8F18BDE4600067B5A7 /* BeaconTableView.h */ = {isa = PBXFileReference; fileEncoding = 4; lastKnownFileType = sourcecode.c.h; name = BeaconTableView.h; path = tables/BeaconTableView.h; sourceTree = "<group>"; };
		045C4E9018BDE4600067B5A7 /* BeaconTableView.m */ = {isa = PBXFileReference; fileEncoding = 4; lastKnownFileType = sourcecode.c.objc; name = BeaconTableView.m; path = tables/BeaconTableView.m; sourceTree = "<group>"; };
		048D033918C0923D0023C7D5 /* Estimote_Beacon.png */ = {isa = PBXFileReference; lastKnownFileType = image.png; path = Estimote_Beacon.png; sourceTree = "<group>"; };
		048D033A18C0923D0023C7D5 /* Estimote_Beacon@2x.png */ = {isa = PBXFileReference; lastKnownFileType = image.png; path = "Estimote_Beacon@2x.png"; sourceTree = "<group>"; };
		048D033B18C0923D0023C7D5 /* Generic_Beacon.png */ = {isa = PBXFileReference; lastKnownFileType = image.png; path = Generic_Beacon.png; sourceTree = "<group>"; };
		048D033C18C0923D0023C7D5 /* Generic_Beacon@2x.png */ = {isa = PBXFileReference; lastKnownFileType = image.png; path = "Generic_Beacon@2x.png"; sourceTree = "<group>"; };
		048D033D18C0923D0023C7D5 /* Gimbal_Beacon.png */ = {isa = PBXFileReference; lastKnownFileType = image.png; path = Gimbal_Beacon.png; sourceTree = "<group>"; };
		048D033E18C0923D0023C7D5 /* Gimbal_Beacon@2x.png */ = {isa = PBXFileReference; lastKnownFileType = image.png; path = "Gimbal_Beacon@2x.png"; sourceTree = "<group>"; };
		048D034518C0929A0023C7D5 /* BeaconCollectionView.h */ = {isa = PBXFileReference; fileEncoding = 4; lastKnownFileType = sourcecode.c.h; name = BeaconCollectionView.h; path = collections/BeaconCollectionView.h; sourceTree = "<group>"; };
		048D034618C0929A0023C7D5 /* BeaconCollectionView.m */ = {isa = PBXFileReference; fileEncoding = 4; lastKnownFileType = sourcecode.c.objc; name = BeaconCollectionView.m; path = collections/BeaconCollectionView.m; sourceTree = "<group>"; };
		048D034C18C093170023C7D5 /* BeaconCollectionViewDelegate.h */ = {isa = PBXFileReference; fileEncoding = 4; lastKnownFileType = sourcecode.c.h; name = BeaconCollectionViewDelegate.h; path = collections/BeaconCollectionViewDelegate.h; sourceTree = "<group>"; };
		048D035018C0957D0023C7D5 /* BeaconCollectionCell.h */ = {isa = PBXFileReference; fileEncoding = 4; lastKnownFileType = sourcecode.c.h; name = BeaconCollectionCell.h; path = collections/cells/BeaconCollectionCell.h; sourceTree = "<group>"; };
		048D035118C0957D0023C7D5 /* BeaconCollectionCell.m */ = {isa = PBXFileReference; fileEncoding = 4; lastKnownFileType = sourcecode.c.objc; name = BeaconCollectionCell.m; path = collections/cells/BeaconCollectionCell.m; sourceTree = "<group>"; };
		048D035318C095A70023C7D5 /* BeaconCollectionCell.xib */ = {isa = PBXFileReference; fileEncoding = 4; lastKnownFileType = file.xib; path = BeaconCollectionCell.xib; sourceTree = "<group>"; };
		048D035618C0BC2C0023C7D5 /* BeaconRegions.h */ = {isa = PBXFileReference; fileEncoding = 4; lastKnownFileType = sourcecode.c.h; name = BeaconRegions.h; path = statics/BeaconRegions.h; sourceTree = "<group>"; };
		04EB2FE418BE42CC007949E9 /* BeaconLocationManager.h */ = {isa = PBXFileReference; fileEncoding = 4; lastKnownFileType = sourcecode.c.h; path = BeaconLocationManager.h; sourceTree = "<group>"; };
		04EB2FE518BE42CC007949E9 /* BeaconLocationManager.m */ = {isa = PBXFileReference; fileEncoding = 4; lastKnownFileType = sourcecode.c.objc; path = BeaconLocationManager.m; sourceTree = "<group>"; };
		04EB2FE718BE4340007949E9 /* BeaconRegion.h */ = {isa = PBXFileReference; fileEncoding = 4; lastKnownFileType = sourcecode.c.h; path = BeaconRegion.h; sourceTree = "<group>"; };
		04EB2FE818BE4340007949E9 /* BeaconRegion.m */ = {isa = PBXFileReference; fileEncoding = 4; lastKnownFileType = sourcecode.c.objc; path = BeaconRegion.m; sourceTree = "<group>"; };
		8181A8B09EF3480293871E44 /* libPods.a */ = {isa = PBXFileReference; explicitFileType = archive.ar; includeInIndex = 0; path = libPods.a; sourceTree = BUILT_PRODUCTS_DIR; };
		D584020F5C9D4322ADDF2F32 /* Pods.xcconfig */ = {isa = PBXFileReference; includeInIndex = 1; lastKnownFileType = text.xcconfig; name = Pods.xcconfig; path = Pods/Pods.xcconfig; sourceTree = "<group>"; };
/* End PBXFileReference section */

/* Begin PBXFrameworksBuildPhase section */
		045C4E4E18BCFFAC0067B5A7 /* Frameworks */ = {
			isa = PBXFrameworksBuildPhase;
			buildActionMask = 2147483647;
			files = (
				045C4E5718BCFFAC0067B5A7 /* CoreGraphics.framework in Frameworks */,
				045C4E5918BCFFAC0067B5A7 /* UIKit.framework in Frameworks */,
				045C4E5518BCFFAC0067B5A7 /* Foundation.framework in Frameworks */,
				B2409B6549544824A9D9653E /* libPods.a in Frameworks */,
			);
			runOnlyForDeploymentPostprocessing = 0;
		};
		045C4E6918BCFFAC0067B5A7 /* Frameworks */ = {
			isa = PBXFrameworksBuildPhase;
			buildActionMask = 2147483647;
			files = (
				045C4E6E18BCFFAC0067B5A7 /* XCTest.framework in Frameworks */,
				045C4E7018BCFFAC0067B5A7 /* UIKit.framework in Frameworks */,
				045C4E6F18BCFFAC0067B5A7 /* Foundation.framework in Frameworks */,
			);
			runOnlyForDeploymentPostprocessing = 0;
		};
/* End PBXFrameworksBuildPhase section */

/* Begin PBXGroup section */
		045C4E4818BCFFAC0067B5A7 = {
			isa = PBXGroup;
			children = (
				045C4E5A18BCFFAC0067B5A7 /* BeaconScanner */,
				045C4E7318BCFFAC0067B5A7 /* BeaconScannerTests */,
				045C4E5318BCFFAC0067B5A7 /* Frameworks */,
				045C4E5218BCFFAC0067B5A7 /* Products */,
				D584020F5C9D4322ADDF2F32 /* Pods.xcconfig */,
			);
			sourceTree = "<group>";
		};
		045C4E5218BCFFAC0067B5A7 /* Products */ = {
			isa = PBXGroup;
			children = (
				045C4E5118BCFFAC0067B5A7 /* BeaconScanner.app */,
				045C4E6C18BCFFAC0067B5A7 /* BeaconScannerTests.xctest */,
			);
			name = Products;
			sourceTree = "<group>";
		};
		045C4E5318BCFFAC0067B5A7 /* Frameworks */ = {
			isa = PBXGroup;
			children = (
				045C4E5418BCFFAC0067B5A7 /* Foundation.framework */,
				045C4E5618BCFFAC0067B5A7 /* CoreGraphics.framework */,
				045C4E5818BCFFAC0067B5A7 /* UIKit.framework */,
				045C4E6D18BCFFAC0067B5A7 /* XCTest.framework */,
				8181A8B09EF3480293871E44 /* libPods.a */,
			);
			name = Frameworks;
			sourceTree = "<group>";
		};
		045C4E5A18BCFFAC0067B5A7 /* BeaconScanner */ = {
			isa = PBXGroup;
			children = (
				048D035518C0BBFB0023C7D5 /* statics */,
				048D033818C0923D0023C7D5 /* assets */,
				045C4E8318BD00850067B5A7 /* Controller */,
				045C4E8418BD00850067B5A7 /* Model */,
				045C4E8518BD00850067B5A7 /* View */,
				045C4E6318BCFFAC0067B5A7 /* AppDelegate.h */,
				045C4E6418BCFFAC0067B5A7 /* AppDelegate.m */,
				045C4E6618BCFFAC0067B5A7 /* Images.xcassets */,
				045C4E5B18BCFFAC0067B5A7 /* Supporting Files */,
			);
			path = BeaconScanner;
			sourceTree = "<group>";
		};
		045C4E5B18BCFFAC0067B5A7 /* Supporting Files */ = {
			isa = PBXGroup;
			children = (
				045C4E5C18BCFFAC0067B5A7 /* BeaconScanner-Info.plist */,
				045C4E5D18BCFFAC0067B5A7 /* InfoPlist.strings */,
				045C4E6018BCFFAC0067B5A7 /* main.m */,
				045C4E6218BCFFAC0067B5A7 /* BeaconScanner-Prefix.pch */,
			);
			name = "Supporting Files";
			sourceTree = "<group>";
		};
		045C4E7318BCFFAC0067B5A7 /* BeaconScannerTests */ = {
			isa = PBXGroup;
			children = (
				045C4E7918BCFFAC0067B5A7 /* BeaconScannerTests.m */,
				045C4E7418BCFFAC0067B5A7 /* Supporting Files */,
			);
			path = BeaconScannerTests;
			sourceTree = "<group>";
		};
		045C4E7418BCFFAC0067B5A7 /* Supporting Files */ = {
			isa = PBXGroup;
			children = (
				045C4E7518BCFFAC0067B5A7 /* BeaconScannerTests-Info.plist */,
				045C4E7618BCFFAC0067B5A7 /* InfoPlist.strings */,
			);
			name = "Supporting Files";
			sourceTree = "<group>";
		};
		045C4E8318BD00850067B5A7 /* Controller */ = {
			isa = PBXGroup;
			children = (
				044B08AC18BF935F003F101E /* BeaconLocationManagerDelegate.h */,
				04EB2FE418BE42CC007949E9 /* BeaconLocationManager.h */,
				04EB2FE518BE42CC007949E9 /* BeaconLocationManager.m */,
				04EB2FE718BE4340007949E9 /* BeaconRegion.h */,
				04EB2FE818BE4340007949E9 /* BeaconRegion.m */,
			);
			path = Controller;
			sourceTree = "<group>";
		};
		045C4E8418BD00850067B5A7 /* Model */ = {
			isa = PBXGroup;
			children = (
			);
			path = Model;
			sourceTree = "<group>";
		};
		045C4E8518BD00850067B5A7 /* View */ = {
			isa = PBXGroup;
			children = (
				048D034818C092A40023C7D5 /* collection */,
				04EB2FE318BE3C40007949E9 /* tables */,
				045C4E8E18BD060E0067B5A7 /* alerts */,
				045C4E8618BD01BF0067B5A7 /* MainViewController.h */,
				045C4E8718BD01BF0067B5A7 /* MainViewController.m */,
				045C4E8818BD01BF0067B5A7 /* MainViewController.xib */,
			);
			path = View;
			sourceTree = "<group>";
		};
		045C4E8E18BD060E0067B5A7 /* alerts */ = {
			isa = PBXGroup;
			children = (
				045C4E8B18BD049C0067B5A7 /* BeaconAlert.h */,
				045C4E8C18BD049C0067B5A7 /* BeaconAlert.m */,
			);
			name = alerts;
			sourceTree = "<group>";
		};
		048D033818C0923D0023C7D5 /* assets */ = {
			isa = PBXGroup;
			children = (
				048D033918C0923D0023C7D5 /* Estimote_Beacon.png */,
				048D033A18C0923D0023C7D5 /* Estimote_Beacon@2x.png */,
				048D033B18C0923D0023C7D5 /* Generic_Beacon.png */,
				048D033C18C0923D0023C7D5 /* Generic_Beacon@2x.png */,
				048D033D18C0923D0023C7D5 /* Gimbal_Beacon.png */,
				048D033E18C0923D0023C7D5 /* Gimbal_Beacon@2x.png */,
			);
			path = assets;
			sourceTree = "<group>";
		};
		048D034818C092A40023C7D5 /* collection */ = {
			isa = PBXGroup;
			children = (
				048D034F18C095280023C7D5 /* cells */,
				048D034C18C093170023C7D5 /* BeaconCollectionViewDelegate.h */,
				048D034518C0929A0023C7D5 /* BeaconCollectionView.h */,
				048D034618C0929A0023C7D5 /* BeaconCollectionView.m */,
			);
			name = collection;
			sourceTree = "<group>";
		};
		048D034F18C095280023C7D5 /* cells */ = {
			isa = PBXGroup;
			children = (
				048D035018C0957D0023C7D5 /* BeaconCollectionCell.h */,
				048D035118C0957D0023C7D5 /* BeaconCollectionCell.m */,
				048D035318C095A70023C7D5 /* BeaconCollectionCell.xib */,
			);
			name = cells;
			sourceTree = "<group>";
		};
		048D035518C0BBFB0023C7D5 /* statics */ = {
			isa = PBXGroup;
			children = (
				048D035618C0BC2C0023C7D5 /* BeaconRegions.h */,
			);
			name = statics;
			sourceTree = "<group>";
		};
		04EB2FE318BE3C40007949E9 /* tables */ = {
			isa = PBXGroup;
			children = (
				044B08AD18BFAE1C003F101E /* BeaconTableViewDelegate.h */,
				045C4E8F18BDE4600067B5A7 /* BeaconTableView.h */,
				045C4E9018BDE4600067B5A7 /* BeaconTableView.m */,
			);
			name = tables;
			sourceTree = "<group>";
		};
/* End PBXGroup section */

/* Begin PBXNativeTarget section */
		045C4E5018BCFFAC0067B5A7 /* BeaconScanner */ = {
			isa = PBXNativeTarget;
			buildConfigurationList = 045C4E7D18BCFFAC0067B5A7 /* Build configuration list for PBXNativeTarget "BeaconScanner" */;
			buildPhases = (
				F5F6786FD7504DCCA592CE90 /* Check Pods Manifest.lock */,
				045C4E4D18BCFFAC0067B5A7 /* Sources */,
				045C4E4E18BCFFAC0067B5A7 /* Frameworks */,
				045C4E4F18BCFFAC0067B5A7 /* Resources */,
				2A4C870AE88545EAB42BDD63 /* Copy Pods Resources */,
			);
			buildRules = (
			);
			dependencies = (
			);
			name = BeaconScanner;
			productName = BeaconScanner;
			productReference = 045C4E5118BCFFAC0067B5A7 /* BeaconScanner.app */;
			productType = "com.apple.product-type.application";
		};
		045C4E6B18BCFFAC0067B5A7 /* BeaconScannerTests */ = {
			isa = PBXNativeTarget;
			buildConfigurationList = 045C4E8018BCFFAC0067B5A7 /* Build configuration list for PBXNativeTarget "BeaconScannerTests" */;
			buildPhases = (
				045C4E6818BCFFAC0067B5A7 /* Sources */,
				045C4E6918BCFFAC0067B5A7 /* Frameworks */,
				045C4E6A18BCFFAC0067B5A7 /* Resources */,
			);
			buildRules = (
			);
			dependencies = (
				045C4E7218BCFFAC0067B5A7 /* PBXTargetDependency */,
			);
			name = BeaconScannerTests;
			productName = BeaconScannerTests;
			productReference = 045C4E6C18BCFFAC0067B5A7 /* BeaconScannerTests.xctest */;
			productType = "com.apple.product-type.bundle.unit-test";
		};
/* End PBXNativeTarget section */

/* Begin PBXProject section */
		045C4E4918BCFFAC0067B5A7 /* Project object */ = {
			isa = PBXProject;
			attributes = {
				LastUpgradeCheck = 0500;
				ORGANIZATIONNAME = Idlework;
				TargetAttributes = {
					045C4E6B18BCFFAC0067B5A7 = {
						TestTargetID = 045C4E5018BCFFAC0067B5A7;
					};
				};
			};
			buildConfigurationList = 045C4E4C18BCFFAC0067B5A7 /* Build configuration list for PBXProject "BeaconScanner" */;
			compatibilityVersion = "Xcode 3.2";
			developmentRegion = English;
			hasScannedForEncodings = 0;
			knownRegions = (
				en,
			);
			mainGroup = 045C4E4818BCFFAC0067B5A7;
			productRefGroup = 045C4E5218BCFFAC0067B5A7 /* Products */;
			projectDirPath = "";
			projectRoot = "";
			targets = (
				045C4E5018BCFFAC0067B5A7 /* BeaconScanner */,
				045C4E6B18BCFFAC0067B5A7 /* BeaconScannerTests */,
			);
		};
/* End PBXProject section */

/* Begin PBXResourcesBuildPhase section */
		045C4E4F18BCFFAC0067B5A7 /* Resources */ = {
			isa = PBXResourcesBuildPhase;
			buildActionMask = 2147483647;
			files = (
				045C4E5F18BCFFAC0067B5A7 /* InfoPlist.strings in Resources */,
				048D034418C0923D0023C7D5 /* Gimbal_Beacon@2x.png in Resources */,
				045C4E8A18BD01BF0067B5A7 /* MainViewController.xib in Resources */,
				048D034018C0923D0023C7D5 /* Estimote_Beacon@2x.png in Resources */,
				048D034118C0923D0023C7D5 /* Generic_Beacon.png in Resources */,
				045C4E6718BCFFAC0067B5A7 /* Images.xcassets in Resources */,
				048D034218C0923D0023C7D5 /* Generic_Beacon@2x.png in Resources */,
				048D033F18C0923D0023C7D5 /* Estimote_Beacon.png in Resources */,
				048D034318C0923D0023C7D5 /* Gimbal_Beacon.png in Resources */,
				048D035418C095A70023C7D5 /* BeaconCollectionCell.xib in Resources */,
			);
			runOnlyForDeploymentPostprocessing = 0;
		};
		045C4E6A18BCFFAC0067B5A7 /* Resources */ = {
			isa = PBXResourcesBuildPhase;
			buildActionMask = 2147483647;
			files = (
				045C4E7818BCFFAC0067B5A7 /* InfoPlist.strings in Resources */,
			);
			runOnlyForDeploymentPostprocessing = 0;
		};
/* End PBXResourcesBuildPhase section */

/* Begin PBXShellScriptBuildPhase section */
		2A4C870AE88545EAB42BDD63 /* Copy Pods Resources */ = {
			isa = PBXShellScriptBuildPhase;
			buildActionMask = 2147483647;
			files = (
			);
			inputPaths = (
			);
			name = "Copy Pods Resources";
			outputPaths = (
			);
			runOnlyForDeploymentPostprocessing = 0;
			shellPath = /bin/sh;
			shellScript = "\"${SRCROOT}/Pods/Pods-resources.sh\"\n";
			showEnvVarsInLog = 0;
		};
		F5F6786FD7504DCCA592CE90 /* Check Pods Manifest.lock */ = {
			isa = PBXShellScriptBuildPhase;
			buildActionMask = 2147483647;
			files = (
			);
			inputPaths = (
			);
			name = "Check Pods Manifest.lock";
			outputPaths = (
			);
			runOnlyForDeploymentPostprocessing = 0;
			shellPath = /bin/sh;
			shellScript = "diff \"${PODS_ROOT}/../Podfile.lock\" \"${PODS_ROOT}/Manifest.lock\" > /dev/null\nif [[ $? != 0 ]] ; then\n    cat << EOM\nerror: The sandbox is not in sync with the Podfile.lock. Run 'pod install' or update your CocoaPods installation.\nEOM\n    exit 1\nfi\n";
			showEnvVarsInLog = 0;
		};
/* End PBXShellScriptBuildPhase section */

/* Begin PBXSourcesBuildPhase section */
		045C4E4D18BCFFAC0067B5A7 /* Sources */ = {
			isa = PBXSourcesBuildPhase;
			buildActionMask = 2147483647;
			files = (
				048D034718C0929A0023C7D5 /* BeaconCollectionView.m in Sources */,
				045C4E9118BDE4600067B5A7 /* BeaconTableView.m in Sources */,
				045C4E8D18BD049C0067B5A7 /* BeaconAlert.m in Sources */,
				04EB2FE618BE42CC007949E9 /* BeaconLocationManager.m in Sources */,
				045C4E6518BCFFAC0067B5A7 /* AppDelegate.m in Sources */,
				045C4E8918BD01BF0067B5A7 /* MainViewController.m in Sources */,
				048D035218C0957D0023C7D5 /* BeaconCollectionCell.m in Sources */,
				045C4E6118BCFFAC0067B5A7 /* main.m in Sources */,
				04EB2FE918BE4340007949E9 /* BeaconRegion.m in Sources */,
			);
			runOnlyForDeploymentPostprocessing = 0;
		};
		045C4E6818BCFFAC0067B5A7 /* Sources */ = {
			isa = PBXSourcesBuildPhase;
			buildActionMask = 2147483647;
			files = (
				045C4E7A18BCFFAC0067B5A7 /* BeaconScannerTests.m in Sources */,
			);
			runOnlyForDeploymentPostprocessing = 0;
		};
/* End PBXSourcesBuildPhase section */

/* Begin PBXTargetDependency section */
		045C4E7218BCFFAC0067B5A7 /* PBXTargetDependency */ = {
			isa = PBXTargetDependency;
			target = 045C4E5018BCFFAC0067B5A7 /* BeaconScanner */;
			targetProxy = 045C4E7118BCFFAC0067B5A7 /* PBXContainerItemProxy */;
		};
/* End PBXTargetDependency section */

/* Begin PBXVariantGroup section */
		045C4E5D18BCFFAC0067B5A7 /* InfoPlist.strings */ = {
			isa = PBXVariantGroup;
			children = (
				045C4E5E18BCFFAC0067B5A7 /* en */,
			);
			name = InfoPlist.strings;
			sourceTree = "<group>";
		};
		045C4E7618BCFFAC0067B5A7 /* InfoPlist.strings */ = {
			isa = PBXVariantGroup;
			children = (
				045C4E7718BCFFAC0067B5A7 /* en */,
			);
			name = InfoPlist.strings;
			sourceTree = "<group>";
		};
/* End PBXVariantGroup section */

/* Begin XCBuildConfiguration section */
		045C4E7B18BCFFAC0067B5A7 /* Debug */ = {
			isa = XCBuildConfiguration;
			buildSettings = {
				ALWAYS_SEARCH_USER_PATHS = NO;
				ARCHS = "$(ARCHS_STANDARD_INCLUDING_64_BIT)";
				CLANG_CXX_LANGUAGE_STANDARD = "gnu++0x";
				CLANG_CXX_LIBRARY = "libc++";
				CLANG_ENABLE_MODULES = YES;
				CLANG_ENABLE_OBJC_ARC = YES;
				CLANG_WARN_BOOL_CONVERSION = YES;
				CLANG_WARN_CONSTANT_CONVERSION = YES;
				CLANG_WARN_DIRECT_OBJC_ISA_USAGE = YES_ERROR;
				CLANG_WARN_EMPTY_BODY = YES;
				CLANG_WARN_ENUM_CONVERSION = YES;
				CLANG_WARN_INT_CONVERSION = YES;
				CLANG_WARN_OBJC_ROOT_CLASS = YES_ERROR;
				CLANG_WARN__DUPLICATE_METHOD_MATCH = YES;
				"CODE_SIGN_IDENTITY[sdk=iphoneos*]" = "iPhone Developer";
				COPY_PHASE_STRIP = NO;
				GCC_C_LANGUAGE_STANDARD = gnu99;
				GCC_DYNAMIC_NO_PIC = NO;
				GCC_OPTIMIZATION_LEVEL = 0;
				GCC_PREPROCESSOR_DEFINITIONS = (
					"DEBUG=1",
					"$(inherited)",
				);
				GCC_SYMBOLS_PRIVATE_EXTERN = NO;
				GCC_WARN_64_TO_32_BIT_CONVERSION = YES;
				GCC_WARN_ABOUT_RETURN_TYPE = YES_ERROR;
				GCC_WARN_UNDECLARED_SELECTOR = YES;
				GCC_WARN_UNINITIALIZED_AUTOS = YES;
				GCC_WARN_UNUSED_FUNCTION = YES;
				GCC_WARN_UNUSED_VARIABLE = YES;
				IPHONEOS_DEPLOYMENT_TARGET = 7.0;
				ONLY_ACTIVE_ARCH = YES;
				SDKROOT = iphoneos;
			};
			name = Debug;
		};
		045C4E7C18BCFFAC0067B5A7 /* Release */ = {
			isa = XCBuildConfiguration;
			buildSettings = {
				ALWAYS_SEARCH_USER_PATHS = NO;
				ARCHS = "$(ARCHS_STANDARD_INCLUDING_64_BIT)";
				CLANG_CXX_LANGUAGE_STANDARD = "gnu++0x";
				CLANG_CXX_LIBRARY = "libc++";
				CLANG_ENABLE_MODULES = YES;
				CLANG_ENABLE_OBJC_ARC = YES;
				CLANG_WARN_BOOL_CONVERSION = YES;
				CLANG_WARN_CONSTANT_CONVERSION = YES;
				CLANG_WARN_DIRECT_OBJC_ISA_USAGE = YES_ERROR;
				CLANG_WARN_EMPTY_BODY = YES;
				CLANG_WARN_ENUM_CONVERSION = YES;
				CLANG_WARN_INT_CONVERSION = YES;
				CLANG_WARN_OBJC_ROOT_CLASS = YES_ERROR;
				CLANG_WARN__DUPLICATE_METHOD_MATCH = YES;
				"CODE_SIGN_IDENTITY[sdk=iphoneos*]" = "iPhone Developer";
				COPY_PHASE_STRIP = YES;
				ENABLE_NS_ASSERTIONS = NO;
				GCC_C_LANGUAGE_STANDARD = gnu99;
				GCC_WARN_64_TO_32_BIT_CONVERSION = YES;
				GCC_WARN_ABOUT_RETURN_TYPE = YES_ERROR;
				GCC_WARN_UNDECLARED_SELECTOR = YES;
				GCC_WARN_UNINITIALIZED_AUTOS = YES;
				GCC_WARN_UNUSED_FUNCTION = YES;
				GCC_WARN_UNUSED_VARIABLE = YES;
				IPHONEOS_DEPLOYMENT_TARGET = 7.0;
				SDKROOT = iphoneos;
				VALIDATE_PRODUCT = YES;
			};
			name = Release;
		};
		045C4E7E18BCFFAC0067B5A7 /* Debug */ = {
			isa = XCBuildConfiguration;
			baseConfigurationReference = D584020F5C9D4322ADDF2F32 /* Pods.xcconfig */;
			buildSettings = {
				ASSETCATALOG_COMPILER_APPICON_NAME = AppIcon;
				ASSETCATALOG_COMPILER_LAUNCHIMAGE_NAME = LaunchImage;
				GCC_PRECOMPILE_PREFIX_HEADER = YES;
				GCC_PREFIX_HEADER = "BeaconScanner/BeaconScanner-Prefix.pch";
				INFOPLIST_FILE = "BeaconScanner/BeaconScanner-Info.plist";
				PRODUCT_NAME = "$(TARGET_NAME)";
				WRAPPER_EXTENSION = app;
			};
			name = Debug;
		};
		045C4E7F18BCFFAC0067B5A7 /* Release */ = {
			isa = XCBuildConfiguration;
			baseConfigurationReference = D584020F5C9D4322ADDF2F32 /* Pods.xcconfig */;
			buildSettings = {
				ASSETCATALOG_COMPILER_APPICON_NAME = AppIcon;
				ASSETCATALOG_COMPILER_LAUNCHIMAGE_NAME = LaunchImage;
				GCC_PRECOMPILE_PREFIX_HEADER = YES;
				GCC_PREFIX_HEADER = "BeaconScanner/BeaconScanner-Prefix.pch";
				INFOPLIST_FILE = "BeaconScanner/BeaconScanner-Info.plist";
				PRODUCT_NAME = "$(TARGET_NAME)";
				WRAPPER_EXTENSION = app;
			};
			name = Release;
		};
		045C4E8118BCFFAC0067B5A7 /* Debug */ = {
			isa = XCBuildConfiguration;
			buildSettings = {
				ARCHS = "$(ARCHS_STANDARD_INCLUDING_64_BIT)";
				BUNDLE_LOADER = "$(BUILT_PRODUCTS_DIR)/BeaconScanner.app/BeaconScanner";
				FRAMEWORK_SEARCH_PATHS = (
					"$(SDKROOT)/Developer/Library/Frameworks",
					"$(inherited)",
					"$(DEVELOPER_FRAMEWORKS_DIR)",
				);
				GCC_PRECOMPILE_PREFIX_HEADER = YES;
				GCC_PREFIX_HEADER = "BeaconScanner/BeaconScanner-Prefix.pch";
				GCC_PREPROCESSOR_DEFINITIONS = (
					"DEBUG=1",
					"$(inherited)",
				);
				INFOPLIST_FILE = "BeaconScannerTests/BeaconScannerTests-Info.plist";
				PRODUCT_NAME = "$(TARGET_NAME)";
				TEST_HOST = "$(BUNDLE_LOADER)";
				WRAPPER_EXTENSION = xctest;
			};
			name = Debug;
		};
		045C4E8218BCFFAC0067B5A7 /* Release */ = {
			isa = XCBuildConfiguration;
			buildSettings = {
				ARCHS = "$(ARCHS_STANDARD_INCLUDING_64_BIT)";
				BUNDLE_LOADER = "$(BUILT_PRODUCTS_DIR)/BeaconScanner.app/BeaconScanner";
				FRAMEWORK_SEARCH_PATHS = (
					"$(SDKROOT)/Developer/Library/Frameworks",
					"$(inherited)",
					"$(DEVELOPER_FRAMEWORKS_DIR)",
				);
				GCC_PRECOMPILE_PREFIX_HEADER = YES;
				GCC_PREFIX_HEADER = "BeaconScanner/BeaconScanner-Prefix.pch";
				INFOPLIST_FILE = "BeaconScannerTests/BeaconScannerTests-Info.plist";
				PRODUCT_NAME = "$(TARGET_NAME)";
				TEST_HOST = "$(BUNDLE_LOADER)";
				WRAPPER_EXTENSION = xctest;
			};
			name = Release;
		};
/* End XCBuildConfiguration section */

/* Begin XCConfigurationList section */
		045C4E4C18BCFFAC0067B5A7 /* Build configuration list for PBXProject "BeaconScanner" */ = {
			isa = XCConfigurationList;
			buildConfigurations = (
				045C4E7B18BCFFAC0067B5A7 /* Debug */,
				045C4E7C18BCFFAC0067B5A7 /* Release */,
			);
			defaultConfigurationIsVisible = 0;
			defaultConfigurationName = Release;
		};
		045C4E7D18BCFFAC0067B5A7 /* Build configuration list for PBXNativeTarget "BeaconScanner" */ = {
			isa = XCConfigurationList;
			buildConfigurations = (
				045C4E7E18BCFFAC0067B5A7 /* Debug */,
				045C4E7F18BCFFAC0067B5A7 /* Release */,
			);
			defaultConfigurationIsVisible = 0;
			defaultConfigurationName = Release;
		};
		045C4E8018BCFFAC0067B5A7 /* Build configuration list for PBXNativeTarget "BeaconScannerTests" */ = {
			isa = XCConfigurationList;
			buildConfigurations = (
				045C4E8118BCFFAC0067B5A7 /* Debug */,
				045C4E8218BCFFAC0067B5A7 /* Release */,
			);
			defaultConfigurationIsVisible = 0;
			defaultConfigurationName = Release;
		};
/* End XCConfigurationList section */
	};
	rootObject = 045C4E4918BCFFAC0067B5A7 /* Project object */;
}
